{
  "name": "april-fools",
  "version": "0.0.0-semantically-released",
  "lockfileVersion": 2,
  "requires": true,
  "packages": {
    "": {
      "name": "april-fools",
      "version": "0.0.0-semantically-released",
      "license": "MIT",
      "dependencies": {
        "sentencer": "^0.2.1"
      },
      "engines": {
        "node": ">=4"
      },
      "funding": {
        "type": "individual",
        "url": "https://github.com/sponsors/ahmadnassri"
      }
    },
    "node_modules/apparatus": {
      "version": "0.0.10",
      "resolved": "https://registry.npmjs.org/apparatus/-/apparatus-0.0.10.tgz",
      "integrity": "sha512-KLy/ugo33KZA7nugtQ7O0E1c8kQ52N3IvD/XgIh4w/Nr28ypfkwDfA67F1ev4N1m5D+BOk1+b2dEJDfpj/VvZg==",
      "dependencies": {
        "sylvester": ">= 0.0.8"
      },
      "engines": {
        "node": ">=0.2.6"
      }
    },
    "node_modules/articles": {
      "version": "0.2.2",
      "resolved": "https://registry.npmjs.org/articles/-/articles-0.2.2.tgz",
      "integrity": "sha512-S3Y4MPp+LD/l0HHm/4yrr6MoXhUkKT98ZdsV2tkTuBNywqUXEtvJT+NBO3KTSQEttc5EOwEJe2Xw8cZ9TI5Hrw=="
    },
    "node_modules/lodash": {
      "version": "4.17.21",
      "resolved": "https://registry.npmjs.org/lodash/-/lodash-4.17.21.tgz",
      "integrity": "sha512-v2kDEe57lecTulaDIuNTPy3Ry4gLGJ6Z1O3vE1krgXZNrsQ+LFTGHVxVjcXPs17LhbZVGedAJv8XZ1tvj5FvSg=="
    },
    "node_modules/natural": {
      "version": "0.1.29",
      "resolved": "https://registry.npmjs.org/natural/-/natural-0.1.29.tgz",
      "integrity": "sha512-l/lXX1uYFvPDp7MnAvPOf9Fz/7s+C2e8GECeyG1vXyMFq5KHoMRoaVgZbPuMfB0I0zHkG/jBCk+je7feSdYkpw==",
      "dependencies": {
        "apparatus": ">= 0.0.6",
        "sylvester": ">= 0.0.12",
        "underscore": ">=1.3.1"
      },
      "engines": {
        "node": ">=0.4.10"
      }
    },
    "node_modules/prng-well1024a": {
      "version": "1.0.1",
      "resolved": "https://registry.npmjs.org/prng-well1024a/-/prng-well1024a-1.0.1.tgz",
      "integrity": "sha512-lBXfAW5Vgpej/QVHNYhTSsiz1IIlgo7kv8zzQL7v5crD8jgA4Fk3axwb9aCrDHUqJ4zKXsb3U3m6sw21165Trg=="
    },
    "node_modules/randy": {
      "version": "1.5.1",
      "resolved": "https://registry.npmjs.org/randy/-/randy-1.5.1.tgz",
      "integrity": "sha512-xCxHBrX08xQo8KoyZgOlM9fQbHK0oDvBl/k4+kPVGBDqfbL4c7N6uxiWTJnkJRkkg4hRrf/3CH8Vt1HiaQ2IVQ==",
      "dependencies": {
        "prng-well1024a": "~1.0.0"
      }
    },
    "node_modules/sentencer": {
      "version": "0.2.1",
      "resolved": "https://registry.npmjs.org/sentencer/-/sentencer-0.2.1.tgz",
      "integrity": "sha512-hDLHIc7DTdZASPJhL2IZChmUq9tTUsOaAlK2kNPYI9KSdrPeqNZfjJfTCEoqcR/IlLlIfngi7Wkx/KLPqqNtyQ==",
      "dependencies": {
        "articles": "~0.2.1",
        "lodash": "^4.17.11",
        "natural": "~0.1.28",
        "randy": "~1.5.1"
      }
    },
    "node_modules/sylvester": {
      "version": "0.0.21",
      "resolved": "https://registry.npmjs.org/sylvester/-/sylvester-0.0.21.tgz",
      "integrity": "sha512-yUT0ukFkFEt4nb+NY+n2ag51aS/u9UHXoZw+A4jgD77/jzZsBoSDHuqysrVCBC4CYR4TYvUJq54ONpXgDBH8tA==",
      "engines": {
        "node": ">=0.2.6"
      }
    },
    "node_modules/underscore": {
      "version": "1.13.6",
      "resolved": "https://registry.npmjs.org/underscore/-/underscore-1.13.6.tgz",
      "integrity": "sha512-+A5Sja4HP1M08MaXya7p5LvjuM7K6q/2EaC0+iovj/wOcMsTzMvDFbasi/oSapiwOlt252IqsKqPjCl7huKS0A=="
    }
  },
  "dependencies": {
    "apparatus": {
      "version": "0.0.10",
      "resolved": "https://registry.npmjs.org/apparatus/-/apparatus-0.0.10.tgz",
      "integrity": "sha512-KLy/ugo33KZA7nugtQ7O0E1c8kQ52N3IvD/XgIh4w/Nr28ypfkwDfA67F1ev4N1m5D+BOk1+b2dEJDfpj/VvZg==",
      "requires": {
        "sylvester": ">= 0.0.8"
      }
    },
    "articles": {
      "version": "0.2.2",
      "resolved": "https://registry.npmjs.org/articles/-/articles-0.2.2.tgz",
      "integrity": "sha512-S3Y4MPp+LD/l0HHm/4yrr6MoXhUkKT98ZdsV2tkTuBNywqUXEtvJT+NBO3KTSQEttc5EOwEJe2Xw8cZ9TI5Hrw=="
    },
    "lodash": {
      "version": "4.17.21",
      "resolved": "https://registry.npmjs.org/lodash/-/lodash-4.17.21.tgz",
      "integrity": "sha512-v2kDEe57lecTulaDIuNTPy3Ry4gLGJ6Z1O3vE1krgXZNrsQ+LFTGHVxVjcXPs17LhbZVGedAJv8XZ1tvj5FvSg=="
    },
    "natural": {
      "version": "0.1.29",
      "resolved": "https://registry.npmjs.org/natural/-/natural-0.1.29.tgz",
      "integrity": "sha512-l/lXX1uYFvPDp7MnAvPOf9Fz/7s+C2e8GECeyG1vXyMFq5KHoMRoaVgZbPuMfB0I0zHkG/jBCk+je7feSdYkpw==",
      "requires": {
        "apparatus": ">= 0.0.6",
        "sylvester": ">= 0.0.12",
        "underscore": ">=1.3.1"
      }
    },
    "prng-well1024a": {
      "version": "1.0.1",
      "resolved": "https://registry.npmjs.org/prng-well1024a/-/prng-well1024a-1.0.1.tgz",
      "integrity": "sha512-lBXfAW5Vgpej/QVHNYhTSsiz1IIlgo7kv8zzQL7v5crD8jgA4Fk3axwb9aCrDHUqJ4zKXsb3U3m6sw21165Trg=="
    },
    "randy": {
      "version": "1.5.1",
      "resolved": "https://registry.npmjs.org/randy/-/randy-1.5.1.tgz",
      "integrity": "sha512-xCxHBrX08xQo8KoyZgOlM9fQbHK0oDvBl/k4+kPVGBDqfbL4c7N6uxiWTJnkJRkkg4hRrf/3CH8Vt1HiaQ2IVQ==",
      "requires": {
        "prng-well1024a": "~1.0.0"
      }
    },
    "sentencer": {
      "version": "0.2.1",
      "resolved": "https://registry.npmjs.org/sentencer/-/sentencer-0.2.1.tgz",
      "integrity": "sha512-hDLHIc7DTdZASPJhL2IZChmUq9tTUsOaAlK2kNPYI9KSdrPeqNZfjJfTCEoqcR/IlLlIfngi7Wkx/KLPqqNtyQ==",
      "requires": {
        "articles": "~0.2.1",
        "lodash": "^4.17.11",
        "natural": "~0.1.28",
        "randy": "~1.5.1"
      }
    },
    "sylvester": {
      "version": "0.0.21",
      "resolved": "https://registry.npmjs.org/sylvester/-/sylvester-0.0.21.tgz",
      "integrity": "sha512-yUT0ukFkFEt4nb+NY+n2ag51aS/u9UHXoZw+A4jgD77/jzZsBoSDHuqysrVCBC4CYR4TYvUJq54ONpXgDBH8tA=="
    },
    "underscore": {
      "version": "1.13.6",
      "resolved": "https://registry.npmjs.org/underscore/-/underscore-1.13.6.tgz",
      "integrity": "sha512-+A5Sja4HP1M08MaXya7p5LvjuM7K6q/2EaC0+iovj/wOcMsTzMvDFbasi/oSapiwOlt252IqsKqPjCl7huKS0A=="
    }
  }
}
